// !$*UTF8*$!
{
	archiveVersion = 1;
	classes = {
	};
	objectVersion = 51;
	objects = {

/* Begin PBXBuildFile section */
		1846C8D4D24C0567798895F2 /* Pods_easyweather.framework in Frameworks */ = {isa = PBXBuildFile; fileRef = 608030C7D8221D37C5B06FF5 /* Pods_easyweather.framework */; };
		B124F5F6244A51FA0061EF65 /* ResultTableview.swift in Sources */ = {isa = PBXBuildFile; fileRef = B124F5F5244A51FA0061EF65 /* ResultTableview.swift */; };
		B12DB4522447A71E00FC9A52 /* AppDelegate.swift in Sources */ = {isa = PBXBuildFile; fileRef = B12DB4512447A71E00FC9A52 /* AppDelegate.swift */; };
		B12DB4542447A71E00FC9A52 /* SceneDelegate.swift in Sources */ = {isa = PBXBuildFile; fileRef = B12DB4532447A71E00FC9A52 /* SceneDelegate.swift */; };
		B12DB4562447A71E00FC9A52 /* ContentView.swift in Sources */ = {isa = PBXBuildFile; fileRef = B12DB4552447A71E00FC9A52 /* ContentView.swift */; };
		B12DB45B2447A71F00FC9A52 /* Preview Assets.xcassets in Resources */ = {isa = PBXBuildFile; fileRef = B12DB45A2447A71F00FC9A52 /* Preview Assets.xcassets */; };
		B12DB45E2447A71F00FC9A52 /* LaunchScreen.storyboard in Resources */ = {isa = PBXBuildFile; fileRef = B12DB45C2447A71F00FC9A52 /* LaunchScreen.storyboard */; };
		B146399F24548537000B4EC5 /* infoIcon.png in Resources */ = {isa = PBXBuildFile; fileRef = B146399E24548537000B4EC5 /* infoIcon.png */; };
		B14639A12454900E000B4EC5 /* add.png in Resources */ = {isa = PBXBuildFile; fileRef = B14639A02454900E000B4EC5 /* add.png */; };
		B14639A824549082000B4EC5 /* stormyweather.png in Resources */ = {isa = PBXBuildFile; fileRef = B14639A224549081000B4EC5 /* stormyweather.png */; };
		B14639A924549082000B4EC5 /* sun.png in Resources */ = {isa = PBXBuildFile; fileRef = B14639A324549082000B4EC5 /* sun.png */; };
		B14639AA24549082000B4EC5 /* summer.png in Resources */ = {isa = PBXBuildFile; fileRef = B14639A424549082000B4EC5 /* summer.png */; };
		B14639AB24549082000B4EC5 /* winter.png in Resources */ = {isa = PBXBuildFile; fileRef = B14639A524549082000B4EC5 /* winter.png */; };
		B14639AC24549082000B4EC5 /* cloudy.png in Resources */ = {isa = PBXBuildFile; fileRef = B14639A624549082000B4EC5 /* cloudy.png */; };
		B14639AD24549082000B4EC5 /* wet.png in Resources */ = {isa = PBXBuildFile; fileRef = B14639A724549082000B4EC5 /* wet.png */; };
		B14639AF24549B63000B4EC5 /* search.png in Resources */ = {isa = PBXBuildFile; fileRef = B14639AE24549B63000B4EC5 /* search.png */; };
		B173650A244B8B3800246AD5 /* LocationDetail.swift in Sources */ = {isa = PBXBuildFile; fileRef = B1736509244B8B3800246AD5 /* LocationDetail.swift */; };
		B1872AD0244E56D800A5B199 /* Assets.xcassets in Resources */ = {isa = PBXBuildFile; fileRef = B1872ACF244E56D800A5B199 /* Assets.xcassets */; };
		B18C5ED92449BEDF0031214F /* GoogleService-Info.plist in Resources */ = {isa = PBXBuildFile; fileRef = B18C5ED82449BEDF0031214F /* GoogleService-Info.plist */; };
		B1BFC43E24492EE2001021F6 /* Cards.swift in Sources */ = {isa = PBXBuildFile; fileRef = B1BFC43D24492EE2001021F6 /* Cards.swift */; };
		B1BFC44124492F89001021F6 /* TopSearchBar.swift in Sources */ = {isa = PBXBuildFile; fileRef = B1BFC44024492F89001021F6 /* TopSearchBar.swift */; };
		B1BFC44424493845001021F6 /* CircleLoadingAnimation.swift in Sources */ = {isa = PBXBuildFile; fileRef = B1BFC44324493845001021F6 /* CircleLoadingAnimation.swift */; };
		B1CF563A2456FDA40059B48E /* DebugScreenView.swift in Sources */ = {isa = PBXBuildFile; fileRef = B1CF56392456FDA40059B48E /* DebugScreenView.swift */; };
		B1D194CA2458D211008E7E44 /* SettingsIcon.png in Resources */ = {isa = PBXBuildFile; fileRef = B1D194C92458D211008E7E44 /* SettingsIcon.png */; };
		B1D194CD2458D2D4008E7E44 /* MainSettingsScreen.swift in Sources */ = {isa = PBXBuildFile; fileRef = B1D194CC2458D2D4008E7E44 /* MainSettingsScreen.swift */; };
/* End PBXBuildFile section */

/* Begin PBXFileReference section */
		074AED97B81684BFEEABF29D /* Pods-easyweather.debug.xcconfig */ = {isa = PBXFileReference; includeInIndex = 1; lastKnownFileType = text.xcconfig; name = "Pods-easyweather.debug.xcconfig"; path = "Target Support Files/Pods-easyweather/Pods-easyweather.debug.xcconfig"; sourceTree = "<group>"; };
		608030C7D8221D37C5B06FF5 /* Pods_easyweather.framework */ = {isa = PBXFileReference; explicitFileType = wrapper.framework; includeInIndex = 0; path = Pods_easyweather.framework; sourceTree = BUILT_PRODUCTS_DIR; };
		B124F5F5244A51FA0061EF65 /* ResultTableview.swift */ = {isa = PBXFileReference; lastKnownFileType = sourcecode.swift; path = ResultTableview.swift; sourceTree = "<group>"; };
		B12DB44E2447A71E00FC9A52 /* easyweather.app */ = {isa = PBXFileReference; explicitFileType = wrapper.application; includeInIndex = 0; path = easyweather.app; sourceTree = BUILT_PRODUCTS_DIR; };
		B12DB4512447A71E00FC9A52 /* AppDelegate.swift */ = {isa = PBXFileReference; lastKnownFileType = sourcecode.swift; path = AppDelegate.swift; sourceTree = "<group>"; };
		B12DB4532447A71E00FC9A52 /* SceneDelegate.swift */ = {isa = PBXFileReference; lastKnownFileType = sourcecode.swift; path = SceneDelegate.swift; sourceTree = "<group>"; };
		B12DB4552447A71E00FC9A52 /* ContentView.swift */ = {isa = PBXFileReference; lastKnownFileType = sourcecode.swift; path = ContentView.swift; sourceTree = "<group>"; };
		B12DB45A2447A71F00FC9A52 /* Preview Assets.xcassets */ = {isa = PBXFileReference; lastKnownFileType = folder.assetcatalog; path = "Preview Assets.xcassets"; sourceTree = "<group>"; };
		B12DB45D2447A71F00FC9A52 /* Base */ = {isa = PBXFileReference; lastKnownFileType = file.storyboard; name = Base; path = Base.lproj/LaunchScreen.storyboard; sourceTree = "<group>"; };
		B12DB45F2447A71F00FC9A52 /* Info.plist */ = {isa = PBXFileReference; lastKnownFileType = text.plist.xml; path = Info.plist; sourceTree = "<group>"; };
		B146399E24548537000B4EC5 /* infoIcon.png */ = {isa = PBXFileReference; lastKnownFileType = image.png; path = infoIcon.png; sourceTree = "<group>"; };
		B14639A02454900E000B4EC5 /* add.png */ = {isa = PBXFileReference; lastKnownFileType = image.png; path = add.png; sourceTree = "<group>"; };
		B14639A224549081000B4EC5 /* stormyweather.png */ = {isa = PBXFileReference; lastKnownFileType = image.png; path = stormyweather.png; sourceTree = "<group>"; };
		B14639A324549082000B4EC5 /* sun.png */ = {isa = PBXFileReference; lastKnownFileType = image.png; path = sun.png; sourceTree = "<group>"; };
		B14639A424549082000B4EC5 /* summer.png */ = {isa = PBXFileReference; lastKnownFileType = image.png; path = summer.png; sourceTree = "<group>"; };
		B14639A524549082000B4EC5 /* winter.png */ = {isa = PBXFileReference; lastKnownFileType = image.png; path = winter.png; sourceTree = "<group>"; };
		B14639A624549082000B4EC5 /* cloudy.png */ = {isa = PBXFileReference; lastKnownFileType = image.png; path = cloudy.png; sourceTree = "<group>"; };
		B14639A724549082000B4EC5 /* wet.png */ = {isa = PBXFileReference; lastKnownFileType = image.png; path = wet.png; sourceTree = "<group>"; };
		B14639AE24549B63000B4EC5 /* search.png */ = {isa = PBXFileReference; lastKnownFileType = image.png; path = search.png; sourceTree = "<group>"; };
		B1736509244B8B3800246AD5 /* LocationDetail.swift */ = {isa = PBXFileReference; lastKnownFileType = sourcecode.swift; path = LocationDetail.swift; sourceTree = "<group>"; };
		B1872ACF244E56D800A5B199 /* Assets.xcassets */ = {isa = PBXFileReference; lastKnownFileType = folder.assetcatalog; path = Assets.xcassets; sourceTree = "<group>"; };
		B18C5ED82449BEDF0031214F /* GoogleService-Info.plist */ = {isa = PBXFileReference; fileEncoding = 4; lastKnownFileType = text.plist.xml; path = "GoogleService-Info.plist"; sourceTree = "<group>"; };
		B1BFC43D24492EE2001021F6 /* Cards.swift */ = {isa = PBXFileReference; lastKnownFileType = sourcecode.swift; path = Cards.swift; sourceTree = "<group>"; };
		B1BFC44024492F89001021F6 /* TopSearchBar.swift */ = {isa = PBXFileReference; lastKnownFileType = sourcecode.swift; path = TopSearchBar.swift; sourceTree = "<group>"; };
		B1BFC44324493845001021F6 /* CircleLoadingAnimation.swift */ = {isa = PBXFileReference; lastKnownFileType = sourcecode.swift; path = CircleLoadingAnimation.swift; sourceTree = "<group>"; };
		B1CF56392456FDA40059B48E /* DebugScreenView.swift */ = {isa = PBXFileReference; lastKnownFileType = sourcecode.swift; path = DebugScreenView.swift; sourceTree = "<group>"; };
		B1D194C92458D211008E7E44 /* SettingsIcon.png */ = {isa = PBXFileReference; lastKnownFileType = image.png; path = SettingsIcon.png; sourceTree = "<group>"; };
		B1D194CC2458D2D4008E7E44 /* MainSettingsScreen.swift */ = {isa = PBXFileReference; lastKnownFileType = sourcecode.swift; path = MainSettingsScreen.swift; sourceTree = "<group>"; };
		EB1E4F495328563022A5C93C /* Pods-easyweather.release.xcconfig */ = {isa = PBXFileReference; includeInIndex = 1; lastKnownFileType = text.xcconfig; name = "Pods-easyweather.release.xcconfig"; path = "Target Support Files/Pods-easyweather/Pods-easyweather.release.xcconfig"; sourceTree = "<group>"; };
/* End PBXFileReference section */

/* Begin PBXFrameworksBuildPhase section */
		B12DB44B2447A71E00FC9A52 /* Frameworks */ = {
			isa = PBXFrameworksBuildPhase;
			buildActionMask = 2147483647;
			files = (
				1846C8D4D24C0567798895F2 /* Pods_easyweather.framework in Frameworks */,
			);
			runOnlyForDeploymentPostprocessing = 0;
		};
/* End PBXFrameworksBuildPhase section */

/* Begin PBXGroup section */
		B12DB4452447A71E00FC9A52 = {
			isa = PBXGroup;
			children = (
				B12DB4502447A71E00FC9A52 /* easyweather */,
				B12DB44F2447A71E00FC9A52 /* Products */,
				E3E7DC5E69CCAC419FD830BC /* Pods */,
				BD1443F66528144F869ED9F2 /* Frameworks */,
			);
			sourceTree = "<group>";
		};
		B12DB44F2447A71E00FC9A52 /* Products */ = {
			isa = PBXGroup;
			children = (
				B12DB44E2447A71E00FC9A52 /* easyweather.app */,
			);
			name = Products;
			sourceTree = "<group>";
		};
		B12DB4502447A71E00FC9A52 /* easyweather */ = {
			isa = PBXGroup;
			children = (
				B1D194CB2458D2B8008E7E44 /* SettingsView */,
				B1CF56382456FD810059B48E /* DebugInfo */,
				B146399D245482D8000B4EC5 /* ImageResources */,
				B1872ACF244E56D800A5B199 /* Assets.xcassets */,
				B1736508244B8B1400246AD5 /* DetailedView */,
				B1BFC442244937EE001021F6 /* LoadingAnimation */,
				B1BFC43F24492F50001021F6 /* SearchBar */,
				B1BFC43C24492EAF001021F6 /* StackCards */,
				B12DB4512447A71E00FC9A52 /* AppDelegate.swift */,
				B12DB4532447A71E00FC9A52 /* SceneDelegate.swift */,
				B12DB4552447A71E00FC9A52 /* ContentView.swift */,
				B18C5ED82449BEDF0031214F /* GoogleService-Info.plist */,
				B12DB45C2447A71F00FC9A52 /* LaunchScreen.storyboard */,
				B12DB45F2447A71F00FC9A52 /* Info.plist */,
				B12DB4592447A71F00FC9A52 /* Preview Content */,
			);
			path = easyweather;
			sourceTree = "<group>";
		};
		B12DB4592447A71F00FC9A52 /* Preview Content */ = {
			isa = PBXGroup;
			children = (
				B12DB45A2447A71F00FC9A52 /* Preview Assets.xcassets */,
			);
			path = "Preview Content";
			sourceTree = "<group>";
		};
		B146399D245482D8000B4EC5 /* ImageResources */ = {
			isa = PBXGroup;
			children = (
				B1D194C92458D211008E7E44 /* SettingsIcon.png */,
				B14639AE24549B63000B4EC5 /* search.png */,
				B14639A624549082000B4EC5 /* cloudy.png */,
				B14639A224549081000B4EC5 /* stormyweather.png */,
				B14639A424549082000B4EC5 /* summer.png */,
				B14639A324549082000B4EC5 /* sun.png */,
				B14639A724549082000B4EC5 /* wet.png */,
				B14639A524549082000B4EC5 /* winter.png */,
				B14639A02454900E000B4EC5 /* add.png */,
				B146399E24548537000B4EC5 /* infoIcon.png */,
			);
			path = ImageResources;
			sourceTree = "<group>";
		};
		B1736508244B8B1400246AD5 /* DetailedView */ = {
			isa = PBXGroup;
			children = (
				B1736509244B8B3800246AD5 /* LocationDetail.swift */,
			);
			path = DetailedView;
			sourceTree = "<group>";
		};
		B1BFC43C24492EAF001021F6 /* StackCards */ = {
			isa = PBXGroup;
			children = (
				B1BFC43D24492EE2001021F6 /* Cards.swift */,
			);
			path = StackCards;
			sourceTree = "<group>";
		};
		B1BFC43F24492F50001021F6 /* SearchBar */ = {
			isa = PBXGroup;
			children = (
				B1BFC44024492F89001021F6 /* TopSearchBar.swift */,
				B124F5F5244A51FA0061EF65 /* ResultTableview.swift */,
			);
			path = SearchBar;
			sourceTree = "<group>";
		};
		B1BFC442244937EE001021F6 /* LoadingAnimation */ = {
			isa = PBXGroup;
			children = (
				B1BFC44324493845001021F6 /* CircleLoadingAnimation.swift */,
			);
			path = LoadingAnimation;
			sourceTree = "<group>";
		};
		B1CF56382456FD810059B48E /* DebugInfo */ = {
			isa = PBXGroup;
			children = (
				B1CF56392456FDA40059B48E /* DebugScreenView.swift */,
			);
			path = DebugInfo;
			sourceTree = "<group>";
		};
		B1D194CB2458D2B8008E7E44 /* SettingsView */ = {
			isa = PBXGroup;
			children = (
				B1D194CC2458D2D4008E7E44 /* MainSettingsScreen.swift */,
			);
			path = SettingsView;
			sourceTree = "<group>";
		};
		BD1443F66528144F869ED9F2 /* Frameworks */ = {
			isa = PBXGroup;
			children = (
				608030C7D8221D37C5B06FF5 /* Pods_easyweather.framework */,
			);
			name = Frameworks;
			sourceTree = "<group>";
		};
		E3E7DC5E69CCAC419FD830BC /* Pods */ = {
			isa = PBXGroup;
			children = (
				074AED97B81684BFEEABF29D /* Pods-easyweather.debug.xcconfig */,
				EB1E4F495328563022A5C93C /* Pods-easyweather.release.xcconfig */,
			);
			path = Pods;
			sourceTree = "<group>";
		};
/* End PBXGroup section */

/* Begin PBXNativeTarget section */
		B12DB44D2447A71E00FC9A52 /* easyweather */ = {
			isa = PBXNativeTarget;
			buildConfigurationList = B12DB4622447A71F00FC9A52 /* Build configuration list for PBXNativeTarget "easyweather" */;
			buildPhases = (
				AECC1D24B402094B074B2E1B /* [CP] Check Pods Manifest.lock */,
				B12DB44A2447A71E00FC9A52 /* Sources */,
				B12DB44B2447A71E00FC9A52 /* Frameworks */,
				B12DB44C2447A71E00FC9A52 /* Resources */,
				EA4E878C14CC76ABAAE44C0A /* [CP] Embed Pods Frameworks */,
				B1CF563B245708430059B48E /* ShellScript */,
			);
			buildRules = (
			);
			dependencies = (
			);
			name = easyweather;
			packageProductDependencies = (
			);
			productName = easyweather;
			productReference = B12DB44E2447A71E00FC9A52 /* easyweather.app */;
			productType = "com.apple.product-type.application";
		};
/* End PBXNativeTarget section */

/* Begin PBXProject section */
		B12DB4462447A71E00FC9A52 /* Project object */ = {
			isa = PBXProject;
			attributes = {
				LastSwiftUpdateCheck = 1130;
				LastUpgradeCheck = 1130;
				ORGANIZATIONNAME = "Beni Ibeh";
				TargetAttributes = {
					B12DB44D2447A71E00FC9A52 = {
						CreatedOnToolsVersion = 11.3;
					};
				};
			};
			buildConfigurationList = B12DB4492447A71E00FC9A52 /* Build configuration list for PBXProject "easyweather" */;
			compatibilityVersion = "Xcode 9.3";
			developmentRegion = en;
			hasScannedForEncodings = 0;
			knownRegions = (
				en,
				Base,
			);
			mainGroup = B12DB4452447A71E00FC9A52;
			packageReferences = (
			);
			productRefGroup = B12DB44F2447A71E00FC9A52 /* Products */;
			projectDirPath = "";
			projectRoot = "";
			targets = (
				B12DB44D2447A71E00FC9A52 /* easyweather */,
			);
		};
/* End PBXProject section */

/* Begin PBXResourcesBuildPhase section */
		B12DB44C2447A71E00FC9A52 /* Resources */ = {
			isa = PBXResourcesBuildPhase;
			buildActionMask = 2147483647;
			files = (
				B12DB45E2447A71F00FC9A52 /* LaunchScreen.storyboard in Resources */,
				B14639AD24549082000B4EC5 /* wet.png in Resources */,
				B14639AC24549082000B4EC5 /* cloudy.png in Resources */,
				B1D194CA2458D211008E7E44 /* SettingsIcon.png in Resources */,
				B18C5ED92449BEDF0031214F /* GoogleService-Info.plist in Resources */,
				B146399F24548537000B4EC5 /* infoIcon.png in Resources */,
				B14639AB24549082000B4EC5 /* winter.png in Resources */,
				B14639A12454900E000B4EC5 /* add.png in Resources */,
				B14639AA24549082000B4EC5 /* summer.png in Resources */,
				B1872AD0244E56D800A5B199 /* Assets.xcassets in Resources */,
				B14639A824549082000B4EC5 /* stormyweather.png in Resources */,
				B12DB45B2447A71F00FC9A52 /* Preview Assets.xcassets in Resources */,
				B14639AF24549B63000B4EC5 /* search.png in Resources */,
				B14639A924549082000B4EC5 /* sun.png in Resources */,
			);
			runOnlyForDeploymentPostprocessing = 0;
		};
/* End PBXResourcesBuildPhase section */

/* Begin PBXShellScriptBuildPhase section */
		AECC1D24B402094B074B2E1B /* [CP] Check Pods Manifest.lock */ = {
			isa = PBXShellScriptBuildPhase;
			buildActionMask = 2147483647;
			files = (
			);
			inputFileListPaths = (
			);
			inputPaths = (
				"${PODS_PODFILE_DIR_PATH}/Podfile.lock",
				"${PODS_ROOT}/Manifest.lock",
			);
			name = "[CP] Check Pods Manifest.lock";
			outputFileListPaths = (
			);
			outputPaths = (
				"$(DERIVED_FILE_DIR)/Pods-easyweather-checkManifestLockResult.txt",
			);
			runOnlyForDeploymentPostprocessing = 0;
			shellPath = /bin/sh;
			shellScript = "diff \"${PODS_PODFILE_DIR_PATH}/Podfile.lock\" \"${PODS_ROOT}/Manifest.lock\" > /dev/null\nif [ $? != 0 ] ; then\n    # print error to STDERR\n    echo \"error: The sandbox is not in sync with the Podfile.lock. Run 'pod install' or update your CocoaPods installation.\" >&2\n    exit 1\nfi\n# This output is used by Xcode 'outputs' to avoid re-running this script phase.\necho \"SUCCESS\" > \"${SCRIPT_OUTPUT_FILE_0}\"\n";
			showEnvVarsInLog = 0;
		};
		B1CF563B245708430059B48E /* ShellScript */ = {
			isa = PBXShellScriptBuildPhase;
			buildActionMask = 2147483647;
			files = (
			);
			inputFileListPaths = (
			);
			inputPaths = (
			);
			outputFileListPaths = (
			);
			outputPaths = (
			);
			runOnlyForDeploymentPostprocessing = 0;
			shellPath = /usr/bin/perl;
			shellScript = "use warnings;\nuse strict;\n\ndie \"$0: Must be run from Xcode\" unless $ENV{\"BUILT_PRODUCTS_DIR\"};\n\nmy $FH;\nmy $output;\n\n# SHA hash :\n\nopen $FH, \"xcrun git rev-parse HEAD|\" or die;\n$output = <$FH>;\nclose($FH);\n\nchomp( $output );\nmy $gitShaHash = $output;\n\n# clean state :\n\n$output = `xcrun git status`;\n\nmy $gitState;\nif ( index( $output, \"nothing to commit (working directory clean)\" ) != -1 ) {\n    $gitState = \"clean\";\n} else {\n    $gitState = \"dirty\";\n}\n\nprint \"gitShaHash : $gitShaHash\\n\";\nprint \"gitState : $gitState\";\n\n# Update Info.plist in build product. Use defaults command\n\nmy $INFO = \"$ENV{BUILT_PRODUCTS_DIR}/$ENV{WRAPPER_NAME}/Info\"; #iOS\n#my $INFO = \"$ENV{BUILT_PRODUCTS_DIR}/$ENV{WRAPPER_NAME}/Contents/Info\"; #OSX\n\nmy @defaults = ( 'defaults', 'write', $INFO, 'GitShaHash', \"$gitShaHash\" );\nsystem( @defaults );\n\n@defaults = ( 'defaults', 'write', $INFO, 'GitState', \"$gitState\" );\nsystem( @defaults );\n";
		};
		EA4E878C14CC76ABAAE44C0A /* [CP] Embed Pods Frameworks */ = {
			isa = PBXShellScriptBuildPhase;
			buildActionMask = 2147483647;
			files = (
			);
			inputFileListPaths = (
				"${PODS_ROOT}/Target Support Files/Pods-easyweather/Pods-easyweather-frameworks-${CONFIGURATION}-input-files.xcfilelist",
			);
			name = "[CP] Embed Pods Frameworks";
			outputFileListPaths = (
				"${PODS_ROOT}/Target Support Files/Pods-easyweather/Pods-easyweather-frameworks-${CONFIGURATION}-output-files.xcfilelist",
			);
			runOnlyForDeploymentPostprocessing = 0;
			shellPath = /bin/sh;
			shellScript = "\"${PODS_ROOT}/Target Support Files/Pods-easyweather/Pods-easyweather-frameworks.sh\"\n";
			showEnvVarsInLog = 0;
		};
/* End PBXShellScriptBuildPhase section */

/* Begin PBXSourcesBuildPhase section */
		B12DB44A2447A71E00FC9A52 /* Sources */ = {
			isa = PBXSourcesBuildPhase;
			buildActionMask = 2147483647;
			files = (
				B12DB4522447A71E00FC9A52 /* AppDelegate.swift in Sources */,
				B1CF563A2456FDA40059B48E /* DebugScreenView.swift in Sources */,
				B124F5F6244A51FA0061EF65 /* ResultTableview.swift in Sources */,
				B1D194CD2458D2D4008E7E44 /* MainSettingsScreen.swift in Sources */,
				B12DB4542447A71E00FC9A52 /* SceneDelegate.swift in Sources */,
				B173650A244B8B3800246AD5 /* LocationDetail.swift in Sources */,
				B1BFC44124492F89001021F6 /* TopSearchBar.swift in Sources */,
				B12DB4562447A71E00FC9A52 /* ContentView.swift in Sources */,
				B1BFC43E24492EE2001021F6 /* Cards.swift in Sources */,
				B1BFC44424493845001021F6 /* CircleLoadingAnimation.swift in Sources */,
			);
			runOnlyForDeploymentPostprocessing = 0;
		};
/* End PBXSourcesBuildPhase section */

/* Begin PBXVariantGroup section */
		B12DB45C2447A71F00FC9A52 /* LaunchScreen.storyboard */ = {
			isa = PBXVariantGroup;
			children = (
				B12DB45D2447A71F00FC9A52 /* Base */,
			);
			name = LaunchScreen.storyboard;
			sourceTree = "<group>";
		};
/* End PBXVariantGroup section */

/* Begin XCBuildConfiguration section */
		B12DB4602447A71F00FC9A52 /* Debug */ = {
			isa = XCBuildConfiguration;
			buildSettings = {
				ALWAYS_SEARCH_USER_PATHS = NO;
				CLANG_ANALYZER_NONNULL = YES;
				CLANG_ANALYZER_NUMBER_OBJECT_CONVERSION = YES_AGGRESSIVE;
				CLANG_CXX_LANGUAGE_STANDARD = "gnu++14";
				CLANG_CXX_LIBRARY = "libc++";
				CLANG_ENABLE_MODULES = YES;
				CLANG_ENABLE_OBJC_ARC = YES;
				CLANG_ENABLE_OBJC_WEAK = YES;
				CLANG_WARN_BLOCK_CAPTURE_AUTORELEASING = YES;
				CLANG_WARN_BOOL_CONVERSION = YES;
				CLANG_WARN_COMMA = YES;
				CLANG_WARN_CONSTANT_CONVERSION = YES;
				CLANG_WARN_DEPRECATED_OBJC_IMPLEMENTATIONS = YES;
				CLANG_WARN_DIRECT_OBJC_ISA_USAGE = YES_ERROR;
				CLANG_WARN_DOCUMENTATION_COMMENTS = YES;
				CLANG_WARN_EMPTY_BODY = YES;
				CLANG_WARN_ENUM_CONVERSION = YES;
				CLANG_WARN_INFINITE_RECURSION = YES;
				CLANG_WARN_INT_CONVERSION = YES;
				CLANG_WARN_NON_LITERAL_NULL_CONVERSION = YES;
				CLANG_WARN_OBJC_IMPLICIT_RETAIN_SELF = YES;
				CLANG_WARN_OBJC_LITERAL_CONVERSION = YES;
				CLANG_WARN_OBJC_ROOT_CLASS = YES_ERROR;
				CLANG_WARN_RANGE_LOOP_ANALYSIS = YES;
				CLANG_WARN_STRICT_PROTOTYPES = YES;
				CLANG_WARN_SUSPICIOUS_MOVE = YES;
				CLANG_WARN_UNGUARDED_AVAILABILITY = YES_AGGRESSIVE;
				CLANG_WARN_UNREACHABLE_CODE = YES;
				CLANG_WARN__DUPLICATE_METHOD_MATCH = YES;
				CODE_SIGN_IDENTITY = "Apple Distribution: Beni Ibeh (7P45E9LE82)";
				CODE_SIGN_STYLE = Manual;
				COPY_PHASE_STRIP = NO;
				DEBUG_INFORMATION_FORMAT = dwarf;
				DEVELOPMENT_TEAM = 7P45E9LE82;
				ENABLE_STRICT_OBJC_MSGSEND = YES;
				ENABLE_TESTABILITY = YES;
				GCC_C_LANGUAGE_STANDARD = gnu11;
				GCC_DYNAMIC_NO_PIC = NO;
				GCC_NO_COMMON_BLOCKS = YES;
				GCC_OPTIMIZATION_LEVEL = 0;
				GCC_PREPROCESSOR_DEFINITIONS = (
					"DEBUG=1",
					"$(inherited)",
				);
				GCC_WARN_64_TO_32_BIT_CONVERSION = YES;
				GCC_WARN_ABOUT_RETURN_TYPE = YES_ERROR;
				GCC_WARN_UNDECLARED_SELECTOR = YES;
				GCC_WARN_UNINITIALIZED_AUTOS = YES_AGGRESSIVE;
				GCC_WARN_UNUSED_FUNCTION = YES;
				GCC_WARN_UNUSED_VARIABLE = YES;
				IPHONEOS_DEPLOYMENT_TARGET = 13.0;
				MTL_ENABLE_DEBUG_INFO = INCLUDE_SOURCE;
				MTL_FAST_MATH = YES;
				ONLY_ACTIVE_ARCH = YES;
				PROVISIONING_PROFILE_SPECIFIER = "";
				SDKROOT = iphoneos;
				SWIFT_ACTIVE_COMPILATION_CONDITIONS = DEBUG;
				SWIFT_OPTIMIZATION_LEVEL = "-Onone";
			};
			name = Debug;
		};
		B12DB4612447A71F00FC9A52 /* Release */ = {
			isa = XCBuildConfiguration;
			buildSettings = {
				ALWAYS_SEARCH_USER_PATHS = NO;
				CLANG_ANALYZER_NONNULL = YES;
				CLANG_ANALYZER_NUMBER_OBJECT_CONVERSION = YES_AGGRESSIVE;
				CLANG_CXX_LANGUAGE_STANDARD = "gnu++14";
				CLANG_CXX_LIBRARY = "libc++";
				CLANG_ENABLE_MODULES = YES;
				CLANG_ENABLE_OBJC_ARC = YES;
				CLANG_ENABLE_OBJC_WEAK = YES;
				CLANG_WARN_BLOCK_CAPTURE_AUTORELEASING = YES;
				CLANG_WARN_BOOL_CONVERSION = YES;
				CLANG_WARN_COMMA = YES;
				CLANG_WARN_CONSTANT_CONVERSION = YES;
				CLANG_WARN_DEPRECATED_OBJC_IMPLEMENTATIONS = YES;
				CLANG_WARN_DIRECT_OBJC_ISA_USAGE = YES_ERROR;
				CLANG_WARN_DOCUMENTATION_COMMENTS = YES;
				CLANG_WARN_EMPTY_BODY = YES;
				CLANG_WARN_ENUM_CONVERSION = YES;
				CLANG_WARN_INFINITE_RECURSION = YES;
				CLANG_WARN_INT_CONVERSION = YES;
				CLANG_WARN_NON_LITERAL_NULL_CONVERSION = YES;
				CLANG_WARN_OBJC_IMPLICIT_RETAIN_SELF = YES;
				CLANG_WARN_OBJC_LITERAL_CONVERSION = YES;
				CLANG_WARN_OBJC_ROOT_CLASS = YES_ERROR;
				CLANG_WARN_RANGE_LOOP_ANALYSIS = YES;
				CLANG_WARN_STRICT_PROTOTYPES = YES;
				CLANG_WARN_SUSPICIOUS_MOVE = YES;
				CLANG_WARN_UNGUARDED_AVAILABILITY = YES_AGGRESSIVE;
				CLANG_WARN_UNREACHABLE_CODE = YES;
				CLANG_WARN__DUPLICATE_METHOD_MATCH = YES;
				CODE_SIGN_IDENTITY = "Apple Distribution: Beni Ibeh (7P45E9LE82)";
				CODE_SIGN_STYLE = Manual;
				COPY_PHASE_STRIP = NO;
				DEBUG_INFORMATION_FORMAT = "dwarf-with-dsym";
				DEVELOPMENT_TEAM = 7P45E9LE82;
				ENABLE_NS_ASSERTIONS = NO;
				ENABLE_STRICT_OBJC_MSGSEND = YES;
				GCC_C_LANGUAGE_STANDARD = gnu11;
				GCC_NO_COMMON_BLOCKS = YES;
				GCC_WARN_64_TO_32_BIT_CONVERSION = YES;
				GCC_WARN_ABOUT_RETURN_TYPE = YES_ERROR;
				GCC_WARN_UNDECLARED_SELECTOR = YES;
				GCC_WARN_UNINITIALIZED_AUTOS = YES_AGGRESSIVE;
				GCC_WARN_UNUSED_FUNCTION = YES;
				GCC_WARN_UNUSED_VARIABLE = YES;
				IPHONEOS_DEPLOYMENT_TARGET = 13.0;
				MTL_ENABLE_DEBUG_INFO = NO;
				MTL_FAST_MATH = YES;
				PROVISIONING_PROFILE_SPECIFIER = "";
				SDKROOT = iphoneos;
				SWIFT_COMPILATION_MODE = wholemodule;
				SWIFT_OPTIMIZATION_LEVEL = "-O";
				VALIDATE_PRODUCT = YES;
			};
			name = Release;
		};
		B12DB4632447A71F00FC9A52 /* Debug */ = {
			isa = XCBuildConfiguration;
			baseConfigurationReference = 074AED97B81684BFEEABF29D /* Pods-easyweather.debug.xcconfig */;
			buildSettings = {
				ASSETCATALOG_COMPILER_APPICON_NAME = AppIcon;
				CODE_SIGN_IDENTITY = "iPhone Distribution";
				CODE_SIGN_STYLE = Manual;
				CURRENT_PROJECT_VERSION = 1.1;
				DEAD_CODE_STRIPPING = NO;
				DEVELOPMENT_ASSET_PATHS = "";
				DEVELOPMENT_TEAM = 7P45E9LE82;
				ENABLE_PREVIEWS = YES;
				INFOPLIST_FILE = easyweather/Info.plist;
				LD_RUNPATH_SEARCH_PATHS = (
					"$(inherited)",
					"@executable_path/Frameworks",
				);
				MARKETING_VERSION = 1.1;
				PRODUCT_BUNDLE_IDENTIFIER = com.beni.easyweather;
				PRODUCT_NAME = "$(TARGET_NAME)";
				PROVISIONING_PROFILE_SPECIFIER = "app distribution";
				SWIFT_VERSION = 5.0;
				TARGETED_DEVICE_FAMILY = "1,2";
			};
			name = Debug;
		};
		B12DB4642447A71F00FC9A52 /* Release */ = {
			isa = XCBuildConfiguration;
			baseConfigurationReference = EB1E4F495328563022A5C93C /* Pods-easyweather.release.xcconfig */;
			buildSettings = {
				ASSETCATALOG_COMPILER_APPICON_NAME = AppIcon;
				CODE_SIGN_IDENTITY = "iPhone Distribution";
				CODE_SIGN_STYLE = Manual;
				CURRENT_PROJECT_VERSION = 1.1;
				DEAD_CODE_STRIPPING = NO;
				DEVELOPMENT_ASSET_PATHS = "";
				DEVELOPMENT_TEAM = 7P45E9LE82;
				ENABLE_PREVIEWS = YES;
				INFOPLIST_FILE = easyweather/Info.plist;
				LD_RUNPATH_SEARCH_PATHS = (
					"$(inherited)",
					"@executable_path/Frameworks",
				);
				MARKETING_VERSION = 1.1;
				PRODUCT_BUNDLE_IDENTIFIER = com.beni.easyweather;
				PRODUCT_NAME = "$(TARGET_NAME)";
				PROVISIONING_PROFILE_SPECIFIER = "app distribution";
				SWIFT_VERSION = 5.0;
				TARGETED_DEVICE_FAMILY = "1,2";
			};
			name = Release;
		};
/* End XCBuildConfiguration section */

/* Begin XCConfigurationList section */
		B12DB4492447A71E00FC9A52 /* Build configuration list for PBXProject "easyweather" */ = {
			isa = XCConfigurationList;
			buildConfigurations = (
				B12DB4602447A71F00FC9A52 /* Debug */,
				B12DB4612447A71F00FC9A52 /* Release */,
			);
			defaultConfigurationIsVisible = 0;
			defaultConfigurationName = Release;
		};
		B12DB4622447A71F00FC9A52 /* Build configuration list for PBXNativeTarget "easyweather" */ = {
			isa = XCConfigurationList;
			buildConfigurations = (
				B12DB4632447A71F00FC9A52 /* Debug */,
				B12DB4642447A71F00FC9A52 /* Release */,
			);
			defaultConfigurationIsVisible = 0;
			defaultConfigurationName = Release;
		};
/* End XCConfigurationList section */
	};
	rootObject = B12DB4462447A71E00FC9A52 /* Project object */;
}
